
Microsoft Visual Studio Solution File, Format Version 12.00
# Visual Studio Version 16
VisualStudioVersion = 16.0.32630.194
MinimumVisualStudioVersion = 10.0.40219.1
Project("{9A19103F-16F7-4668-BE54-9A1E7A4F7556}") = "Asp_Core_Proje", "Asp_Core_Proje.csproj", "{D2D863C9-3F56-477C-97B0-D23807566864}"
EndProject
Project("{9A19103F-16F7-4668-BE54-9A1E7A4F7556}") = "BusinessLayer", "..\BusinessLayer\BusinessLayer.csproj", "{C014F500-7B17-4730-AE73-EC6A475EE556}"
EndProject
Project("{9A19103F-16F7-4668-BE54-9A1E7A4F7556}") = "DataAccessLayer", "..\DataAccessLayer\DataAccessLayer.csproj", "{5AA33F49-1ADC-4078-86BD-41CA4EE70F9C}"
EndProject
Project("{9A19103F-16F7-4668-BE54-9A1E7A4F7556}") = "EntityLayer", "..\EntityLayer\EntityLayer.csproj", "{ED59F91E-B08C-42F9-9129-041E6542ABAE}"
EndProject
Project("{FAE04EC0-301F-11D3-BF4B-00C04F79EFBC}") = "Core_Proje_Api", "..\Core_Proje_Api\Core_Proje_Api.csproj", "{B163B884-7650-4768-B3B9-6267A4AC243D}"
EndProject
Global
	GlobalSection(SolutionConfigurationPlatforms) = preSolution
		Debug|Any CPU = Debug|Any CPU
		Release|Any CPU = Release|Any CPU
	EndGlobalSection
	GlobalSection(ProjectConfigurationPlatforms) = postSolution
		{D2D863C9-3F56-477C-97B0-D23807566864}.Debug|Any CPU.ActiveCfg = Debug|Any CPU
		{D2D863C9-3F56-477C-97B0-D23807566864}.Debug|Any CPU.Build.0 = Debug|Any CPU
		{D2D863C9-3F56-477C-97B0-D23807566864}.Release|Any CPU.ActiveCfg = Release|Any CPU
		{D2D863C9-3F56-477C-97B0-D23807566864}.Release|Any CPU.Build.0 = Release|Any CPU
		{C014F500-7B17-4730-AE73-EC6A475EE556}.Debug|Any CPU.ActiveCfg = Debug|Any CPU
		{C014F500-7B17-4730-AE73-EC6A475EE556}.Debug|Any CPU.Build.0 = Debug|Any CPU
		{C014F500-7B17-4730-AE73-EC6A475EE556}.Release|Any CPU.ActiveCfg = Release|Any CPU
		{C014F500-7B17-4730-AE73-EC6A475EE556}.Release|Any CPU.Build.0 = Release|Any CPU
		{5AA33F49-1ADC-4078-86BD-41CA4EE70F9C}.Debug|Any CPU.ActiveCfg = Debug|Any CPU
		{5AA33F49-1ADC-4078-86BD-41CA4EE70F9C}.Debug|Any CPU.Build.0 = Debug|Any CPU
		{5AA33F49-1ADC-4078-86BD-41CA4EE70F9C}.Release|Any CPU.ActiveCfg = Release|Any CPU
		{5AA33F49-1ADC-4078-86BD-41CA4EE70F9C}.Release|Any CPU.Build.0 = Release|Any CPU
		{ED59F91E-B08C-42F9-9129-041E6542ABAE}.Debug|Any CPU.ActiveCfg = Debug|Any CPU
		{ED59F91E-B08C-42F9-9129-041E6542ABAE}.Debug|Any CPU.Build.0 = Debug|Any CPU
		{ED59F91E-B08C-42F9-9129-041E6542ABAE}.Release|Any CPU.ActiveCfg = Release|Any CPU
		{ED59F91E-B08C-42F9-9129-041E6542ABAE}.Release|Any CPU.Build.0 = Release|Any CPU
		{B163B884-7650-4768-B3B9-6267A4AC243D}.Debug|Any CPU.ActiveCfg = Debug|Any CPU
		{B163B884-7650-4768-B3B9-6267A4AC243D}.Debug|Any CPU.Build.0 = Debug|Any CPU
		{B163B884-7650-4768-B3B9-6267A4AC243D}.Release|Any CPU.ActiveCfg = Release|Any CPU
		{B163B884-7650-4768-B3B9-6267A4AC243D}.Release|Any CPU.Build.0 = Release|Any CPU
	EndGlobalSection
	GlobalSection(SolutionProperties) = preSolution
		HideSolutionNode = FALSE
	EndGlobalSection
	GlobalSection(ExtensibilityGlobals) = postSolution
		SolutionGuid = {35ECE366-B7D4-4CB1-AF47-2EDF46D0DB4B}
	EndGlobalSection
EndGlobal
